// !$*UTF8*$!
{
	archiveVersion = 1;
	classes = {
	};
	objectVersion = 51;
	objects = {

/* Begin PBXBuildFile section */
		515AE3786D2BAAE6F6BADCFF /* libPods-ChangeBackground.a in Frameworks */ = {isa = PBXBuildFile; fileRef = 421924F25EF8935A3B4907E2 /* libPods-ChangeBackground.a */; };
		B946A5042400F71F008D0CA5 /* SelectColorViewController.m in Sources */ = {isa = PBXBuildFile; fileRef = B946A5032400F71F008D0CA5 /* SelectColorViewController.m */; };
		B951312A23FCDABD004BF504 /* AppDelegate.m in Sources */ = {isa = PBXBuildFile; fileRef = B951312923FCDABD004BF504 /* AppDelegate.m */; };
		B951312D23FCDABD004BF504 /* SceneDelegate.m in Sources */ = {isa = PBXBuildFile; fileRef = B951312C23FCDABD004BF504 /* SceneDelegate.m */; };
		B951313023FCDABD004BF504 /* ViewController.m in Sources */ = {isa = PBXBuildFile; fileRef = B951312F23FCDABD004BF504 /* ViewController.m */; };
		B951313323FCDABD004BF504 /* Main.storyboard in Resources */ = {isa = PBXBuildFile; fileRef = B951313123FCDABD004BF504 /* Main.storyboard */; };
		B951313523FCDAC9004BF504 /* Assets.xcassets in Resources */ = {isa = PBXBuildFile; fileRef = B951313423FCDAC9004BF504 /* Assets.xcassets */; };
		B951313823FCDAC9004BF504 /* LaunchScreen.storyboard in Resources */ = {isa = PBXBuildFile; fileRef = B951313623FCDAC9004BF504 /* LaunchScreen.storyboard */; };
		B951313B23FCDAC9004BF504 /* main.m in Sources */ = {isa = PBXBuildFile; fileRef = B951313A23FCDAC9004BF504 /* main.m */; };
		B96DF2002408F68C00102D0B /* IMG_1923.jpg in Resources */ = {isa = PBXBuildFile; fileRef = B96DF1FE2408F68B00102D0B /* IMG_1923.jpg */; };
		B96DF2012408F68C00102D0B /* a38c06590bad8ed04bf11109f2577d218c6e1d4d.png in Resources */ = {isa = PBXBuildFile; fileRef = B96DF1FF2408F68B00102D0B /* a38c06590bad8ed04bf11109f2577d218c6e1d4d.png */; };
		B96DF2042409FF8000102D0B /* ChangeColorImage.mm in Sources */ = {isa = PBXBuildFile; fileRef = B96DF2032409FF8000102D0B /* ChangeColorImage.mm */; };
		B9D559F6240E276F005F83F4 /* ChangeSizeViewController.m in Sources */ = {isa = PBXBuildFile; fileRef = B9D559F5240E276F005F83F4 /* ChangeSizeViewController.m */; };
		B9F119342405044800C649C4 /* 2.jpg in Resources */ = {isa = PBXBuildFile; fileRef = B9F119332405044800C649C4 /* 2.jpg */; };
/* End PBXBuildFile section */

/* Begin PBXFileReference section */
		421924F25EF8935A3B4907E2 /* libPods-ChangeBackground.a */ = {isa = PBXFileReference; explicitFileType = archive.ar; includeInIndex = 0; path = "libPods-ChangeBackground.a"; sourceTree = BUILT_PRODUCTS_DIR; };
		5213F4AB06D302DE18E35613 /* Pods-ChangeBackground.debug.xcconfig */ = {isa = PBXFileReference; includeInIndex = 1; lastKnownFileType = text.xcconfig; name = "Pods-ChangeBackground.debug.xcconfig"; path = "Target Support Files/Pods-ChangeBackground/Pods-ChangeBackground.debug.xcconfig"; sourceTree = "<group>"; };
		8F51F4F2FB4C9BEBC2257215 /* Pods-ChangeBackground.release.xcconfig */ = {isa = PBXFileReference; includeInIndex = 1; lastKnownFileType = text.xcconfig; name = "Pods-ChangeBackground.release.xcconfig"; path = "Target Support Files/Pods-ChangeBackground/Pods-ChangeBackground.release.xcconfig"; sourceTree = "<group>"; };
		B946A5022400F71F008D0CA5 /* SelectColorViewController.h */ = {isa = PBXFileReference; lastKnownFileType = sourcecode.c.h; path = SelectColorViewController.h; sourceTree = "<group>"; };
		B946A5032400F71F008D0CA5 /* SelectColorViewController.m */ = {isa = PBXFileReference; lastKnownFileType = sourcecode.c.objc; path = SelectColorViewController.m; sourceTree = "<group>"; };
		B951312523FCDABD004BF504 /* ChangeBackground.app */ = {isa = PBXFileReference; explicitFileType = wrapper.application; includeInIndex = 0; path = ChangeBackground.app; sourceTree = BUILT_PRODUCTS_DIR; };
		B951312823FCDABD004BF504 /* AppDelegate.h */ = {isa = PBXFileReference; lastKnownFileType = sourcecode.c.h; path = AppDelegate.h; sourceTree = "<group>"; };
		B951312923FCDABD004BF504 /* AppDelegate.m */ = {isa = PBXFileReference; lastKnownFileType = sourcecode.c.objc; path = AppDelegate.m; sourceTree = "<group>"; };
		B951312B23FCDABD004BF504 /* SceneDelegate.h */ = {isa = PBXFileReference; lastKnownFileType = sourcecode.c.h; path = SceneDelegate.h; sourceTree = "<group>"; };
		B951312C23FCDABD004BF504 /* SceneDelegate.m */ = {isa = PBXFileReference; lastKnownFileType = sourcecode.c.objc; path = SceneDelegate.m; sourceTree = "<group>"; };
		B951312E23FCDABD004BF504 /* ViewController.h */ = {isa = PBXFileReference; lastKnownFileType = sourcecode.c.h; path = ViewController.h; sourceTree = "<group>"; };
		B951312F23FCDABD004BF504 /* ViewController.m */ = {isa = PBXFileReference; lastKnownFileType = sourcecode.c.objc; path = ViewController.m; sourceTree = "<group>"; };
		B951313223FCDABD004BF504 /* Base */ = {isa = PBXFileReference; lastKnownFileType = file.storyboard; name = Base; path = Base.lproj/Main.storyboard; sourceTree = "<group>"; };
		B951313423FCDAC9004BF504 /* Assets.xcassets */ = {isa = PBXFileReference; lastKnownFileType = folder.assetcatalog; path = Assets.xcassets; sourceTree = "<group>"; };
		B951313723FCDAC9004BF504 /* Base */ = {isa = PBXFileReference; lastKnownFileType = file.storyboard; name = Base; path = Base.lproj/LaunchScreen.storyboard; sourceTree = "<group>"; };
		B951313923FCDAC9004BF504 /* Info.plist */ = {isa = PBXFileReference; lastKnownFileType = text.plist.xml; path = Info.plist; sourceTree = "<group>"; };
		B951313A23FCDAC9004BF504 /* main.m */ = {isa = PBXFileReference; lastKnownFileType = sourcecode.c.objc; path = main.m; sourceTree = "<group>"; };
		B96DF1FE2408F68B00102D0B /* IMG_1923.jpg */ = {isa = PBXFileReference; lastKnownFileType = image.jpeg; name = IMG_1923.jpg; path = ../../../IMG_1923.jpg; sourceTree = "<group>"; };
		B96DF1FF2408F68B00102D0B /* a38c06590bad8ed04bf11109f2577d218c6e1d4d.png */ = {isa = PBXFileReference; lastKnownFileType = image.png; name = a38c06590bad8ed04bf11109f2577d218c6e1d4d.png; path = ../../../a38c06590bad8ed04bf11109f2577d218c6e1d4d.png; sourceTree = "<group>"; };
		B96DF2022409FF8000102D0B /* ChangeColorImage.h */ = {isa = PBXFileReference; lastKnownFileType = sourcecode.c.h; path = ChangeColorImage.h; sourceTree = "<group>"; };
		B96DF2032409FF8000102D0B /* ChangeColorImage.mm */ = {isa = PBXFileReference; lastKnownFileType = sourcecode.cpp.objcpp; path = ChangeColorImage.mm; sourceTree = "<group>"; };
		B9D559F4240E276F005F83F4 /* ChangeSizeViewController.h */ = {isa = PBXFileReference; lastKnownFileType = sourcecode.c.h; path = ChangeSizeViewController.h; sourceTree = "<group>"; };
		B9D559F5240E276F005F83F4 /* ChangeSizeViewController.m */ = {isa = PBXFileReference; lastKnownFileType = sourcecode.c.objc; path = ChangeSizeViewController.m; sourceTree = "<group>"; };
		B9F119332405044800C649C4 /* 2.jpg */ = {isa = PBXFileReference; lastKnownFileType = image.jpeg; path = 2.jpg; sourceTree = "<group>"; };
/* End PBXFileReference section */

/* Begin PBXFrameworksBuildPhase section */
		B951312223FCDABD004BF504 /* Frameworks */ = {
			isa = PBXFrameworksBuildPhase;
			buildActionMask = 2147483647;
			files = (
				515AE3786D2BAAE6F6BADCFF /* libPods-ChangeBackground.a in Frameworks */,
			);
			runOnlyForDeploymentPostprocessing = 0;
		};
/* End PBXFrameworksBuildPhase section */

/* Begin PBXGroup section */
		3B311D1DD30C48926C7E900C /* Pods */ = {
			isa = PBXGroup;
			children = (
				5213F4AB06D302DE18E35613 /* Pods-ChangeBackground.debug.xcconfig */,
				8F51F4F2FB4C9BEBC2257215 /* Pods-ChangeBackground.release.xcconfig */,
			);
			path = Pods;
			sourceTree = "<group>";
		};
		83F8CAF8CB05D42DD53DC791 /* Frameworks */ = {
			isa = PBXGroup;
			children = (
				421924F25EF8935A3B4907E2 /* libPods-ChangeBackground.a */,
			);
			name = Frameworks;
			sourceTree = "<group>";
		};
		B951311C23FCDABD004BF504 = {
			isa = PBXGroup;
			children = (
				B951312723FCDABD004BF504 /* ChangeBackground */,
				B951312623FCDABD004BF504 /* Products */,
				3B311D1DD30C48926C7E900C /* Pods */,
				83F8CAF8CB05D42DD53DC791 /* Frameworks */,
			);
			sourceTree = "<group>";
		};
		B951312623FCDABD004BF504 /* Products */ = {
			isa = PBXGroup;
			children = (
				B951312523FCDABD004BF504 /* ChangeBackground.app */,
			);
			name = Products;
			sourceTree = "<group>";
		};
		B951312723FCDABD004BF504 /* ChangeBackground */ = {
			isa = PBXGroup;
			children = (
				B951312823FCDABD004BF504 /* AppDelegate.h */,
				B951312923FCDABD004BF504 /* AppDelegate.m */,
				B951312B23FCDABD004BF504 /* SceneDelegate.h */,
				B951312C23FCDABD004BF504 /* SceneDelegate.m */,
				B951312E23FCDABD004BF504 /* ViewController.h */,
				B951312F23FCDABD004BF504 /* ViewController.m */,
				B96DF1FF2408F68B00102D0B /* a38c06590bad8ed04bf11109f2577d218c6e1d4d.png */,
				B96DF1FE2408F68B00102D0B /* IMG_1923.jpg */,
				B9F119332405044800C649C4 /* 2.jpg */,
				B951313123FCDABD004BF504 /* Main.storyboard */,
				B946A5022400F71F008D0CA5 /* SelectColorViewController.h */,
				B946A5032400F71F008D0CA5 /* SelectColorViewController.m */,
				B951313423FCDAC9004BF504 /* Assets.xcassets */,
				B951313623FCDAC9004BF504 /* LaunchScreen.storyboard */,
				B951313923FCDAC9004BF504 /* Info.plist */,
				B951313A23FCDAC9004BF504 /* main.m */,
				B96DF2022409FF8000102D0B /* ChangeColorImage.h */,
				B96DF2032409FF8000102D0B /* ChangeColorImage.mm */,
				B9D559F4240E276F005F83F4 /* ChangeSizeViewController.h */,
				B9D559F5240E276F005F83F4 /* ChangeSizeViewController.m */,
			);
			path = ChangeBackground;
			sourceTree = "<group>";
		};
/* End PBXGroup section */

/* Begin PBXNativeTarget section */
		B951312423FCDABD004BF504 /* ChangeBackground */ = {
			isa = PBXNativeTarget;
			buildConfigurationList = B951313E23FCDAC9004BF504 /* Build configuration list for PBXNativeTarget "ChangeBackground" */;
			buildPhases = (
				8F6C2D1138D3B38D5F17BAA0 /* [CP] Check Pods Manifest.lock */,
				B951312123FCDABD004BF504 /* Sources */,
				B951312223FCDABD004BF504 /* Frameworks */,
				B951312323FCDABD004BF504 /* Resources */,
				48539FA6D7C110EFEB00D517 /* [CP] Copy Pods Resources */,
			);
			buildRules = (
			);
			dependencies = (
			);
			name = ChangeBackground;
			productName = ChangeBackground;
			productReference = B951312523FCDABD004BF504 /* ChangeBackground.app */;
			productType = "com.apple.product-type.application";
		};
/* End PBXNativeTarget section */

/* Begin PBXProject section */
		B951311D23FCDABD004BF504 /* Project object */ = {
			isa = PBXProject;
			attributes = {
				LastUpgradeCheck = 1130;
				ORGANIZATIONNAME = ClassroomM;
				TargetAttributes = {
					B951312423FCDABD004BF504 = {
						CreatedOnToolsVersion = 11.3.1;
					};
				};
			};
			buildConfigurationList = B951312023FCDABD004BF504 /* Build configuration list for PBXProject "ChangeBackground" */;
			compatibilityVersion = "Xcode 9.3";
			developmentRegion = en;
			hasScannedForEncodings = 0;
			knownRegions = (
				en,
				Base,
			);
			mainGroup = B951311C23FCDABD004BF504;
			productRefGroup = B951312623FCDABD004BF504 /* Products */;
			projectDirPath = "";
			projectRoot = "";
			targets = (
				B951312423FCDABD004BF504 /* ChangeBackground */,
			);
		};
/* End PBXProject section */

/* Begin PBXResourcesBuildPhase section */
		B951312323FCDABD004BF504 /* Resources */ = {
			isa = PBXResourcesBuildPhase;
			buildActionMask = 2147483647;
			files = (
				B951313823FCDAC9004BF504 /* LaunchScreen.storyboard in Resources */,
				B96DF2002408F68C00102D0B /* IMG_1923.jpg in Resources */,
				B951313523FCDAC9004BF504 /* Assets.xcassets in Resources */,
				B9F119342405044800C649C4 /* 2.jpg in Resources */,
				B951313323FCDABD004BF504 /* Main.storyboard in Resources */,
				B96DF2012408F68C00102D0B /* a38c06590bad8ed04bf11109f2577d218c6e1d4d.png in Resources */,
			);
			runOnlyForDeploymentPostprocessing = 0;
		};
/* End PBXResourcesBuildPhase section */

/* Begin PBXShellScriptBuildPhase section */
		48539FA6D7C110EFEB00D517 /* [CP] Copy Pods Resources */ = {
			isa = PBXShellScriptBuildPhase;
			buildActionMask = 2147483647;
			files = (
			);
			inputFileListPaths = (
				"${PODS_ROOT}/Target Support Files/Pods-ChangeBackground/Pods-ChangeBackground-resources-${CONFIGURATION}-input-files.xcfilelist",
			);
			name = "[CP] Copy Pods Resources";
			outputFileListPaths = (
				"${PODS_ROOT}/Target Support Files/Pods-ChangeBackground/Pods-ChangeBackground-resources-${CONFIGURATION}-output-files.xcfilelist",
			);
			runOnlyForDeploymentPostprocessing = 0;
			shellPath = /bin/sh;
			shellScript = "\"${PODS_ROOT}/Target Support Files/Pods-ChangeBackground/Pods-ChangeBackground-resources.sh\"\n";
			showEnvVarsInLog = 0;
		};
		8F6C2D1138D3B38D5F17BAA0 /* [CP] Check Pods Manifest.lock */ = {
			isa = PBXShellScriptBuildPhase;
			buildActionMask = 2147483647;
			files = (
			);
			inputFileListPaths = (
			);
			inputPaths = (
				"${PODS_PODFILE_DIR_PATH}/Podfile.lock",
				"${PODS_ROOT}/Manifest.lock",
			);
			name = "[CP] Check Pods Manifest.lock";
			outputFileListPaths = (
			);
			outputPaths = (
				"$(DERIVED_FILE_DIR)/Pods-ChangeBackground-checkManifestLockResult.txt",
			);
			runOnlyForDeploymentPostprocessing = 0;
			shellPath = /bin/sh;
			shellScript = "diff \"${PODS_PODFILE_DIR_PATH}/Podfile.lock\" \"${PODS_ROOT}/Manifest.lock\" > /dev/null\nif [ $? != 0 ] ; then\n    # print error to STDERR\n    echo \"error: The sandbox is not in sync with the Podfile.lock. Run 'pod install' or update your CocoaPods installation.\" >&2\n    exit 1\nfi\n# This output is used by Xcode 'outputs' to avoid re-running this script phase.\necho \"SUCCESS\" > \"${SCRIPT_OUTPUT_FILE_0}\"\n";
			showEnvVarsInLog = 0;
		};
/* End PBXShellScriptBuildPhase section */

/* Begin PBXSourcesBuildPhase section */
		B951312123FCDABD004BF504 /* Sources */ = {
			isa = PBXSourcesBuildPhase;
			buildActionMask = 2147483647;
			files = (
				B951313023FCDABD004BF504 /* ViewController.m in Sources */,
				B96DF2042409FF8000102D0B /* ChangeColorImage.mm in Sources */,
				B9D559F6240E276F005F83F4 /* ChangeSizeViewController.m in Sources */,
				B951312A23FCDABD004BF504 /* AppDelegate.m in Sources */,
				B946A5042400F71F008D0CA5 /* SelectColorViewController.m in Sources */,
				B951313B23FCDAC9004BF504 /* main.m in Sources */,
				B951312D23FCDABD004BF504 /* SceneDelegate.m in Sources */,
			);
			runOnlyForDeploymentPostprocessing = 0;
		};
/* End PBXSourcesBuildPhase section */

/* Begin PBXVariantGroup section */
		B951313123FCDABD004BF504 /* Main.storyboard */ = {
			isa = PBXVariantGroup;
			children = (
				B951313223FCDABD004BF504 /* Base */,
			);
			name = Main.storyboard;
			sourceTree = "<group>";
		};
		B951313623FCDAC9004BF504 /* LaunchScreen.storyboard */ = {
			isa = PBXVariantGroup;
			children = (
				B951313723FCDAC9004BF504 /* Base */,
			);
			name = LaunchScreen.storyboard;
			sourceTree = "<group>";
		};
/* End PBXVariantGroup section */

/* Begin XCBuildConfiguration section */
		B951313C23FCDAC9004BF504 /* Debug */ = {
			isa = XCBuildConfiguration;
			buildSettings = {
				ALWAYS_SEARCH_USER_PATHS = NO;
				CLANG_ANALYZER_NONNULL = YES;
				CLANG_ANALYZER_NUMBER_OBJECT_CONVERSION = YES_AGGRESSIVE;
				CLANG_CXX_LANGUAGE_STANDARD = "gnu++14";
				CLANG_CXX_LIBRARY = "libc++";
				CLANG_ENABLE_MODULES = YES;
				CLANG_ENABLE_OBJC_ARC = YES;
				CLANG_ENABLE_OBJC_WEAK = YES;
				CLANG_WARN_BLOCK_CAPTURE_AUTORELEASING = YES;
				CLANG_WARN_BOOL_CONVERSION = YES;
				CLANG_WARN_COMMA = YES;
				CLANG_WARN_CONSTANT_CONVERSION = YES;
				CLANG_WARN_DEPRECATED_OBJC_IMPLEMENTATIONS = YES;
				CLANG_WARN_DIRECT_OBJC_ISA_USAGE = YES_ERROR;
				CLANG_WARN_DOCUMENTATION_COMMENTS = YES;
				CLANG_WARN_EMPTY_BODY = YES;
				CLANG_WARN_ENUM_CONVERSION = YES;
				CLANG_WARN_INFINITE_RECURSION = YES;
				CLANG_WARN_INT_CONVERSION = YES;
				CLANG_WARN_NON_LITERAL_NULL_CONVERSION = YES;
				CLANG_WARN_OBJC_IMPLICIT_RETAIN_SELF = YES;
				CLANG_WARN_OBJC_LITERAL_CONVERSION = YES;
				CLANG_WARN_OBJC_ROOT_CLASS = YES_ERROR;
				CLANG_WARN_RANGE_LOOP_ANALYSIS = YES;
				CLANG_WARN_STRICT_PROTOTYPES = YES;
				CLANG_WARN_SUSPICIOUS_MOVE = YES;
				CLANG_WARN_UNGUARDED_AVAILABILITY = YES_AGGRESSIVE;
				CLANG_WARN_UNREACHABLE_CODE = YES;
				CLANG_WARN__DUPLICATE_METHOD_MATCH = YES;
				COPY_PHASE_STRIP = NO;
				DEBUG_INFORMATION_FORMAT = dwarf;
				ENABLE_STRICT_OBJC_MSGSEND = YES;
				ENABLE_TESTABILITY = YES;
				GCC_C_LANGUAGE_STANDARD = gnu11;
				GCC_DYNAMIC_NO_PIC = NO;
				GCC_NO_COMMON_BLOCKS = YES;
				GCC_OPTIMIZATION_LEVEL = 0;
				GCC_PREPROCESSOR_DEFINITIONS = (
					"DEBUG=1",
					"$(inherited)",
				);
				GCC_WARN_64_TO_32_BIT_CONVERSION = YES;
				GCC_WARN_ABOUT_RETURN_TYPE = YES_ERROR;
				GCC_WARN_UNDECLARED_SELECTOR = YES;
				GCC_WARN_UNINITIALIZED_AUTOS = YES_AGGRESSIVE;
				GCC_WARN_UNUSED_FUNCTION = YES;
				GCC_WARN_UNUSED_VARIABLE = YES;
				IPHONEOS_DEPLOYMENT_TARGET = 13.2;
				MTL_ENABLE_DEBUG_INFO = INCLUDE_SOURCE;
				MTL_FAST_MATH = YES;
				ONLY_ACTIVE_ARCH = YES;
				SDKROOT = iphoneos;
			};
			name = Debug;
		};
		B951313D23FCDAC9004BF504 /* Release */ = {
			isa = XCBuildConfiguration;
			buildSettings = {
				ALWAYS_SEARCH_USER_PATHS = NO;
				CLANG_ANALYZER_NONNULL = YES;
				CLANG_ANALYZER_NUMBER_OBJECT_CONVERSION = YES_AGGRESSIVE;
				CLANG_CXX_LANGUAGE_STANDARD = "gnu++14";
				CLANG_CXX_LIBRARY = "libc++";
				CLANG_ENABLE_MODULES = YES;
				CLANG_ENABLE_OBJC_ARC = YES;
				CLANG_ENABLE_OBJC_WEAK = YES;
				CLANG_WARN_BLOCK_CAPTURE_AUTORELEASING = YES;
				CLANG_WARN_BOOL_CONVERSION = YES;
				CLANG_WARN_COMMA = YES;
				CLANG_WARN_CONSTANT_CONVERSION = YES;
				CLANG_WARN_DEPRECATED_OBJC_IMPLEMENTATIONS = YES;
				CLANG_WARN_DIRECT_OBJC_ISA_USAGE = YES_ERROR;
				CLANG_WARN_DOCUMENTATION_COMMENTS = YES;
				CLANG_WARN_EMPTY_BODY = YES;
				CLANG_WARN_ENUM_CONVERSION = YES;
				CLANG_WARN_INFINITE_RECURSION = YES;
				CLANG_WARN_INT_CONVERSION = YES;
				CLANG_WARN_NON_LITERAL_NULL_CONVERSION = YES;
				CLANG_WARN_OBJC_IMPLICIT_RETAIN_SELF = YES;
				CLANG_WARN_OBJC_LITERAL_CONVERSION = YES;
				CLANG_WARN_OBJC_ROOT_CLASS = YES_ERROR;
				CLANG_WARN_RANGE_LOOP_ANALYSIS = YES;
				CLANG_WARN_STRICT_PROTOTYPES = YES;
				CLANG_WARN_SUSPICIOUS_MOVE = YES;
				CLANG_WARN_UNGUARDED_AVAILABILITY = YES_AGGRESSIVE;
				CLANG_WARN_UNREACHABLE_CODE = YES;
				CLANG_WARN__DUPLICATE_METHOD_MATCH = YES;
				COPY_PHASE_STRIP = NO;
				DEBUG_INFORMATION_FORMAT = "dwarf-with-dsym";
				ENABLE_NS_ASSERTIONS = NO;
				ENABLE_STRICT_OBJC_MSGSEND = YES;
				GCC_C_LANGUAGE_STANDARD = gnu11;
				GCC_NO_COMMON_BLOCKS = YES;
				GCC_WARN_64_TO_32_BIT_CONVERSION = YES;
				GCC_WARN_ABOUT_RETURN_TYPE = YES_ERROR;
				GCC_WARN_UNDECLARED_SELECTOR = YES;
				GCC_WARN_UNINITIALIZED_AUTOS = YES_AGGRESSIVE;
				GCC_WARN_UNUSED_FUNCTION = YES;
				GCC_WARN_UNUSED_VARIABLE = YES;
				IPHONEOS_DEPLOYMENT_TARGET = 13.2;
				MTL_ENABLE_DEBUG_INFO = NO;
				MTL_FAST_MATH = YES;
				SDKROOT = iphoneos;
				VALIDATE_PRODUCT = YES;
			};
			name = Release;
		};
		B951313F23FCDAC9004BF504 /* Debug */ = {
			isa = XCBuildConfiguration;
			baseConfigurationReference = 5213F4AB06D302DE18E35613 /* Pods-ChangeBackground.debug.xcconfig */;
			buildSettings = {
				ASSETCATALOG_COMPILER_APPICON_NAME = AppIcon;
				CODE_SIGN_STYLE = Automatic;
				DEVELOPMENT_TEAM = JMJREZR47U;
				INFOPLIST_FILE = ChangeBackground/Info.plist;
				LD_RUNPATH_SEARCH_PATHS = (
					"$(inherited)",
					"@executable_path/Frameworks",
				);
				PRODUCT_BUNDLE_IDENTIFIER = ClassroomM.ChangeBackground;
				PRODUCT_NAME = "$(TARGET_NAME)";
				TARGETED_DEVICE_FAMILY = 1;
			};
			name = Debug;
		};
		B951314023FCDAC9004BF504 /* Release */ = {
			isa = XCBuildConfiguration;
			baseConfigurationReference = 8F51F4F2FB4C9BEBC2257215 /* Pods-ChangeBackground.release.xcconfig */;
			buildSettings = {
				ASSETCATALOG_COMPILER_APPICON_NAME = AppIcon;
				CODE_SIGN_STYLE = Automatic;
				DEVELOPMENT_TEAM = JMJREZR47U;
				INFOPLIST_FILE = ChangeBackground/Info.plist;
				LD_RUNPATH_SEARCH_PATHS = (
					"$(inherited)",
					"@executable_path/Frameworks",
				);
				PRODUCT_BUNDLE_IDENTIFIER = ClassroomM.ChangeBackground;
				PRODUCT_NAME = "$(TARGET_NAME)";
				TARGETED_DEVICE_FAMILY = 1;
			};
			name = Release;
		};
/* End XCBuildConfiguration section */

/* Begin XCConfigurationList section */
		B951312023FCDABD004BF504 /* Build configuration list for PBXProject "ChangeBackground" */ = {
			isa = XCConfigurationList;
			buildConfigurations = (
				B951313C23FCDAC9004BF504 /* Debug */,
				B951313D23FCDAC9004BF504 /* Release */,
			);
			defaultConfigurationIsVisible = 0;
			defaultConfigurationName = Release;
		};
		B951313E23FCDAC9004BF504 /* Build configuration list for PBXNativeTarget "ChangeBackground" */ = {
			isa = XCConfigurationList;
			buildConfigurations = (
				B951313F23FCDAC9004BF504 /* Debug */,
				B951314023FCDAC9004BF504 /* Release */,
			);
			defaultConfigurationIsVisible = 0;
			defaultConfigurationName = Release;
		};
/* End XCConfigurationList section */
	};
	rootObject = B951311D23FCDABD004BF504 /* Project object */;
}
